
Microsoft Visual Studio Solution File, Format Version 12.00
# Visual Studio Version 17
VisualStudioVersion = 17.10.35013.160
MinimumVisualStudioVersion = 10.0.40219.1
Project("{FAE04EC0-301F-11D3-BF4B-00C04F79EFBC}") = "CSharp_Applciation", "CSharp_Applciation\CSharp_Applciation.csproj", "{3BF06E8D-FA63-45AE-8491-6A8056D11296}"
EndProject
Global
	GlobalSection(SolutionConfigurationPlatforms) = preSolution
		Debug|Any CPU = Debug|Any CPU
		Release|Any CPU = Release|Any CPU
	EndGlobalSection
	GlobalSection(ProjectConfigurationPlatforms) = postSolution
		{3BF06E8D-FA63-45AE-8491-6A8056D11296}.Debug|Any CPU.ActiveCfg = Debug|Any CPU
		{3BF06E8D-FA63-45AE-8491-6A8056D11296}.Debug|Any CPU.Build.0 = Debug|Any CPU
		{3BF06E8D-FA63-45AE-8491-6A8056D11296}.Release|Any CPU.ActiveCfg = Release|Any CPU
		{3BF06E8D-FA63-45AE-8491-6A8056D11296}.Release|Any CPU.Build.0 = Release|Any CPU
	EndGlobalSection
	GlobalSection(SolutionProperties) = preSolution
		HideSolutionNode = FALSE
	EndGlobalSection
	GlobalSection(ExtensibilityGlobals) = postSolution
		SolutionGuid = {1AF67A3C-0424-4668-9405-953B46F2DE9D}
	EndGlobalSection
EndGlobal
